
Microsoft Visual Studio Solution File, Format Version 12.00
# Visual Studio Version 17
VisualStudioVersion = 17.4.33213.308
MinimumVisualStudioVersion = 10.0.40219.1
Project("{9A19103F-16F7-4668-BE54-9A1E7A4F7556}") = "Service", "Service\Service.csproj", "{741847A7-D052-4FD5-AA6D-969B860D9FAF}"
EndProject
Project("{9A19103F-16F7-4668-BE54-9A1E7A4F7556}") = "Domain", "Domain\Domain.csproj", "{37A3BF8D-8790-4C7F-865B-98E84656D768}"
EndProject
Project("{9A19103F-16F7-4668-BE54-9A1E7A4F7556}") = "lab4Gumerov", "lab4Gumerov\lab4Gumerov.csproj", "{8003D40C-2944-4C0C-84F5-72387E35D8AF}"
EndProject
Global
	GlobalSection(SolutionConfigurationPlatforms) = preSolution
		Debug|Any CPU = Debug|Any CPU
		Release|Any CPU = Release|Any CPU
	EndGlobalSection
	GlobalSection(ProjectConfigurationPlatforms) = postSolution
		{741847A7-D052-4FD5-AA6D-969B860D9FAF}.Debug|Any CPU.ActiveCfg = Debug|Any CPU
		{741847A7-D052-4FD5-AA6D-969B860D9FAF}.Debug|Any CPU.Build.0 = Debug|Any CPU
		{741847A7-D052-4FD5-AA6D-969B860D9FAF}.Release|Any CPU.ActiveCfg = Release|Any CPU
		{741847A7-D052-4FD5-AA6D-969B860D9FAF}.Release|Any CPU.Build.0 = Release|Any CPU
		{37A3BF8D-8790-4C7F-865B-98E84656D768}.Debug|Any CPU.ActiveCfg = Debug|Any CPU
		{37A3BF8D-8790-4C7F-865B-98E84656D768}.Debug|Any CPU.Build.0 = Debug|Any CPU
		{37A3BF8D-8790-4C7F-865B-98E84656D768}.Release|Any CPU.ActiveCfg = Release|Any CPU
		{37A3BF8D-8790-4C7F-865B-98E84656D768}.Release|Any CPU.Build.0 = Release|Any CPU
		{8003D40C-2944-4C0C-84F5-72387E35D8AF}.Debug|Any CPU.ActiveCfg = Debug|Any CPU
		{8003D40C-2944-4C0C-84F5-72387E35D8AF}.Debug|Any CPU.Build.0 = Debug|Any CPU
		{8003D40C-2944-4C0C-84F5-72387E35D8AF}.Release|Any CPU.ActiveCfg = Release|Any CPU
		{8003D40C-2944-4C0C-84F5-72387E35D8AF}.Release|Any CPU.Build.0 = Release|Any CPU
	EndGlobalSection
	GlobalSection(SolutionProperties) = preSolution
		HideSolutionNode = FALSE
	EndGlobalSection
	GlobalSection(ExtensibilityGlobals) = postSolution
		SolutionGuid = {D014C7C2-D875-4B92-87C6-3330DB371304}
	EndGlobalSection
EndGlobal
